version = 1
revision = 2
requires-python = ">=3.12.0, <3.13"

[[package]]
name = "colorama"
version = "0.4.6"
source = { registry = "https://source-ag-084973803638.d.codeartifact.eu-central-1.amazonaws.com/pypi/source-python-packages/simple" }
sdist = { url = "https://source-ag-084973803638.d.codeartifact.eu-central-1.amazonaws.com/pypi/source-python-packages/simple/colorama/0.4.6/colorama-0.4.6.tar.gz", hash = "sha256:08695f5cb7ed6e0531a20572697297273c47b8cae5a63ffc6d6ed5c201be6e44" }
wheels = [
    { url = "https://source-ag-084973803638.d.codeartifact.eu-central-1.amazonaws.com/pypi/source-python-packages/simple/colorama/0.4.6/colorama-0.4.6-py2.py3-none-any.whl", hash = "sha256:4f1d9991f5acc0ca119f9d443620b77f9d6b33703e51011c16baf57afb285fc6" },
]

[[package]]
name = "htmpy"
version = "0.1.0"
source = { editable = "." }

[package.dev-dependencies]
dev = [
    { name = "pyright" },
    { name = "pytest" },
]

[package.metadata]

[package.metadata.requires-dev]
dev = [
    { name = "pyright", specifier = ">=1.1.408" },
    { name = "pytest", specifier = ">=8.3.5" },
]

[[package]]
name = "iniconfig"
version = "2.3.0"
source = { registry = "https://source-ag-084973803638.d.codeartifact.eu-central-1.amazonaws.com/pypi/source-python-packages/simple" }
sdist = { url = "https://source-ag-084973803638.d.codeartifact.eu-central-1.amazonaws.com/pypi/source-python-packages/simple/iniconfig/2.3.0/iniconfig-2.3.0.tar.gz", hash = "sha256:c76315c77db068650d49c5b56314774a7804df16fee4402c1f19d6d15d8c4730" }
wheels = [
    { url = "https://source-ag-084973803638.d.codeartifact.eu-central-1.amazonaws.com/pypi/source-python-packages/simple/iniconfig/2.3.0/iniconfig-2.3.0-py3-none-any.whl", hash = "sha256:f631c04d2c48c52b84d0d0549c99ff3859c98df65b3101406327ecc7d53fbf12" },
]

[[package]]
name = "nodeenv"
version = "1.10.0"
source = { registry = "https://source-ag-084973803638.d.codeartifact.eu-central-1.amazonaws.com/pypi/source-python-packages/simple" }
sdist = { url = "https://source-ag-084973803638.d.codeartifact.eu-central-1.amazonaws.com/pypi/source-python-packages/simple/nodeenv/1.10.0/nodeenv-1.10.0.tar.gz", hash = "sha256:996c191ad80897d076bdfba80a41994c2b47c68e224c542b48feba42ba00f8bb" }
wheels = [
    { url = "https://source-ag-084973803638.d.codeartifact.eu-central-1.amazonaws.com/pypi/source-python-packages/simple/nodeenv/1.10.0/nodeenv-1.10.0-py2.py3-none-any.whl", hash = "sha256:5bb13e3eed2923615535339b3c620e76779af4cb4c6a90deccc9e36b274d3827" },
]

[[package]]
name = "packaging"
version = "26.0"
source = { registry = "https://source-ag-084973803638.d.codeartifact.eu-central-1.amazonaws.com/pypi/source-python-packages/simple" }
sdist = { url = "https://source-ag-084973803638.d.codeartifact.eu-central-1.amazonaws.com/pypi/source-python-packages/simple/packaging/26.0/packaging-26.0.tar.gz", hash = "sha256:00243ae351a257117b6a241061796684b084ed1c516a08c48a3f7e147a9d80b4" }
wheels = [
    { url = "https://source-ag-084973803638.d.codeartifact.eu-central-1.amazonaws.com/pypi/source-python-packages/simple/packaging/26.0/packaging-26.0-py3-none-any.whl", hash = "sha256:b36f1fef9334a5588b4166f8bcd26a14e521f2b55e6b9de3aaa80d3ff7a37529" },
]

[[package]]
name = "pluggy"
version = "1.6.0"
source = { registry = "https://source-ag-084973803638.d.codeartifact.eu-central-1.amazonaws.com/pypi/source-python-packages/simple" }
sdist = { url = "https://source-ag-084973803638.d.codeartifact.eu-central-1.amazonaws.com/pypi/source-python-packages/simple/pluggy/1.6.0/pluggy-1.6.0.tar.gz", hash = "sha256:7dcc130b76258d33b90f61b658791dede3486c3e6bfb003ee5c9bfb396dd22f3" }
wheels = [
    { url = "https://source-ag-084973803638.d.codeartifact.eu-central-1.amazonaws.com/pypi/source-python-packages/simple/pluggy/1.6.0/pluggy-1.6.0-py3-none-any.whl", hash = "sha256:e920276dd6813095e9377c0bc5566d94c932c33b27a3e3945d8389c374dd4746" },
]

[[package]]
name = "pygments"
version = "2.19.2"
source = { registry = "https://source-ag-084973803638.d.codeartifact.eu-central-1.amazonaws.com/pypi/source-python-packages/simple" }
sdist = { url = "https://source-ag-084973803638.d.codeartifact.eu-central-1.amazonaws.com/pypi/source-python-packages/simple/pygments/2.19.2/pygments-2.19.2.tar.gz", hash = "sha256:636cb2477cec7f8952536970bc533bc43743542f70392ae026374600add5b887" }
wheels = [
    { url = "https://source-ag-084973803638.d.codeartifact.eu-central-1.amazonaws.com/pypi/source-python-packages/simple/pygments/2.19.2/pygments-2.19.2-py3-none-any.whl", hash = "sha256:86540386c03d588bb81d44bc3928634ff26449851e99741617ecb9037ee5ec0b" },
]

[[package]]
name = "pyright"
version = "1.1.408"
source = { registry = "https://source-ag-084973803638.d.codeartifact.eu-central-1.amazonaws.com/pypi/source-python-packages/simple" }
dependencies = [
    { name = "nodeenv" },
    { name = "typing-extensions" },
]
sdist = { url = "https://source-ag-084973803638.d.codeartifact.eu-central-1.amazonaws.com/pypi/source-python-packages/simple/pyright/1.1.408/pyright-1.1.408.tar.gz", hash = "sha256:f28f2321f96852fa50b5829ea492f6adb0e6954568d1caa3f3af3a5f555eb684" }
wheels = [
    { url = "https://source-ag-084973803638.d.codeartifact.eu-central-1.amazonaws.com/pypi/source-python-packages/simple/pyright/1.1.408/pyright-1.1.408-py3-none-any.whl", hash = "sha256:090b32865f4fdb1e0e6cd82bf5618480d48eecd2eb2e70f960982a3d9a4c17c1" },
]

[[package]]
name = "pytest"
version = "9.0.2"
source = { registry = "https://source-ag-084973803638.d.codeartifact.eu-central-1.amazonaws.com/pypi/source-python-packages/simple" }
dependencies = [
    { name = "colorama", marker = "sys_platform == 'win32'" },
    { name = "iniconfig" },
    { name = "packaging" },
    { name = "pluggy" },
    { name = "pygments" },
]
sdist = { url = "https://source-ag-084973803638.d.codeartifact.eu-central-1.amazonaws.com/pypi/source-python-packages/simple/pytest/9.0.2/pytest-9.0.2.tar.gz", hash = "sha256:75186651a92bd89611d1d9fc20f0b4345fd827c41ccd5c299a868a05d70edf11" }
wheels = [
    { url = "https://source-ag-084973803638.d.codeartifact.eu-central-1.amazonaws.com/pypi/source-python-packages/simple/pytest/9.0.2/pytest-9.0.2-py3-none-any.whl", hash = "sha256:711ffd45bf766d5264d487b917733b453d917afd2b0ad65223959f59089f875b" },
]

[[package]]
name = "typing-extensions"
version = "4.15.0"
source = { registry = "https://source-ag-084973803638.d.codeartifact.eu-central-1.amazonaws.com/pypi/source-python-packages/simple" }
sdist = { url = "https://source-ag-084973803638.d.codeartifact.eu-central-1.amazonaws.com/pypi/source-python-packages/simple/typing-extensions/4.15.0/typing_extensions-4.15.0.tar.gz", hash = "sha256:0cea48d173cc12fa28ecabc3b837ea3cf6f38c6d1136f85cbaaf598984861466" }
wheels = [
    { url = "https://source-ag-084973803638.d.codeartifact.eu-central-1.amazonaws.com/pypi/source-python-packages/simple/typing-extensions/4.15.0/typing_extensions-4.15.0-py3-none-any.whl", hash = "sha256:f0fa19c6845758ab08074a0cfa8b7aecb71c999ca73d62883bc25cc018c4e548" },
]
